// !$*UTF8*$!
{
	archiveVersion = 1;
	classes = {
	};
	objectVersion = 46;
	objects = {

/* Begin PBXBuildFile section */
		4856FD3D19E8921A002913CC /* AppDelegate.swift in Sources */ = {isa = PBXBuildFile; fileRef = 4856FD3C19E8921A002913CC /* AppDelegate.swift */; };
		4856FD3F19E8921A002913CC /* ViewController.swift in Sources */ = {isa = PBXBuildFile; fileRef = 4856FD3E19E8921A002913CC /* ViewController.swift */; };
		4856FD4219E8921A002913CC /* Main.storyboard in Resources */ = {isa = PBXBuildFile; fileRef = 4856FD4019E8921A002913CC /* Main.storyboard */; };
		4856FD4419E8921A002913CC /* Images.xcassets in Resources */ = {isa = PBXBuildFile; fileRef = 4856FD4319E8921A002913CC /* Images.xcassets */; };
		4856FD4719E8921A002913CC /* LaunchScreen.xib in Resources */ = {isa = PBXBuildFile; fileRef = 4856FD4519E8921A002913CC /* LaunchScreen.xib */; };
		4856FD5319E8921A002913CC /* DropboxHWweek1Tests.swift in Sources */ = {isa = PBXBuildFile; fileRef = 4856FD5219E8921A002913CC /* DropboxHWweek1Tests.swift */; };
		48571D6F19ECB213007D20FF /* SignInRootViewController.swift in Sources */ = {isa = PBXBuildFile; fileRef = 48571D6E19ECB213007D20FF /* SignInRootViewController.swift */; };
		48571D7119ECB2B9007D20FF /* CreateAccountRootViewController.swift in Sources */ = {isa = PBXBuildFile; fileRef = 48571D7019ECB2B9007D20FF /* CreateAccountRootViewController.swift */; };
		48571D7319ECB2F0007D20FF /* CreateOneViewController.swift in Sources */ = {isa = PBXBuildFile; fileRef = 48571D7219ECB2F0007D20FF /* CreateOneViewController.swift */; };
		48571D7519ECB311007D20FF /* CreateTwoViewController.swift in Sources */ = {isa = PBXBuildFile; fileRef = 48571D7419ECB311007D20FF /* CreateTwoViewController.swift */; };
		48571D7719ECB343007D20FF /* CreateThreeViewController.swift in Sources */ = {isa = PBXBuildFile; fileRef = 48571D7619ECB343007D20FF /* CreateThreeViewController.swift */; };
		48571D7919ECB365007D20FF /* CreateFourViewController.swift in Sources */ = {isa = PBXBuildFile; fileRef = 48571D7819ECB365007D20FF /* CreateFourViewController.swift */; };
		48571D7B19ECB386007D20FF /* CreateFiveViewController.swift in Sources */ = {isa = PBXBuildFile; fileRef = 48571D7A19ECB386007D20FF /* CreateFiveViewController.swift */; };
		48571D7D19ECB3A5007D20FF /* CreateSixViewController.swift in Sources */ = {isa = PBXBuildFile; fileRef = 48571D7C19ECB3A5007D20FF /* CreateSixViewController.swift */; };
		48571D7F19ECB3BF007D20FF /* TermsViewController.swift in Sources */ = {isa = PBXBuildFile; fileRef = 48571D7E19ECB3BF007D20FF /* TermsViewController.swift */; };
		48571D8119ECB3EF007D20FF /* SignInOneViewController.swift in Sources */ = {isa = PBXBuildFile; fileRef = 48571D8019ECB3EF007D20FF /* SignInOneViewController.swift */; };
		48571D8319ECB410007D20FF /* SignInTwoViewController.swift in Sources */ = {isa = PBXBuildFile; fileRef = 48571D8219ECB410007D20FF /* SignInTwoViewController.swift */; };
		48571D8519ECB42D007D20FF /* SignInThreeViewController.swift in Sources */ = {isa = PBXBuildFile; fileRef = 48571D8419ECB42D007D20FF /* SignInThreeViewController.swift */; };
		48571D8719ECCE9F007D20FF /* SettingsViewController.swift in Sources */ = {isa = PBXBuildFile; fileRef = 48571D8619ECCE9F007D20FF /* SettingsViewController.swift */; };
/* End PBXBuildFile section */

/* Begin PBXContainerItemProxy section */
		4856FD4D19E8921A002913CC /* PBXContainerItemProxy */ = {
			isa = PBXContainerItemProxy;
			containerPortal = 4856FD2F19E8921A002913CC /* Project object */;
			proxyType = 1;
			remoteGlobalIDString = 4856FD3619E8921A002913CC;
			remoteInfo = DropboxHWweek1;
		};
/* End PBXContainerItemProxy section */

/* Begin PBXFileReference section */
		4856FD3719E8921A002913CC /* DropboxHWweek1.app */ = {isa = PBXFileReference; explicitFileType = wrapper.application; includeInIndex = 0; path = DropboxHWweek1.app; sourceTree = BUILT_PRODUCTS_DIR; };
		4856FD3B19E8921A002913CC /* Info.plist */ = {isa = PBXFileReference; lastKnownFileType = text.plist.xml; path = Info.plist; sourceTree = "<group>"; };
		4856FD3C19E8921A002913CC /* AppDelegate.swift */ = {isa = PBXFileReference; lastKnownFileType = sourcecode.swift; path = AppDelegate.swift; sourceTree = "<group>"; };
		4856FD3E19E8921A002913CC /* ViewController.swift */ = {isa = PBXFileReference; lastKnownFileType = sourcecode.swift; path = ViewController.swift; sourceTree = "<group>"; };
		4856FD4119E8921A002913CC /* Base */ = {isa = PBXFileReference; lastKnownFileType = file.storyboard; name = Base; path = Base.lproj/Main.storyboard; sourceTree = "<group>"; };
		4856FD4319E8921A002913CC /* Images.xcassets */ = {isa = PBXFileReference; lastKnownFileType = folder.assetcatalog; path = Images.xcassets; sourceTree = "<group>"; };
		4856FD4619E8921A002913CC /* Base */ = {isa = PBXFileReference; lastKnownFileType = file.xib; name = Base; path = Base.lproj/LaunchScreen.xib; sourceTree = "<group>"; };
		4856FD4C19E8921A002913CC /* DropboxHWweek1Tests.xctest */ = {isa = PBXFileReference; explicitFileType = wrapper.cfbundle; includeInIndex = 0; path = DropboxHWweek1Tests.xctest; sourceTree = BUILT_PRODUCTS_DIR; };
		4856FD5119E8921A002913CC /* Info.plist */ = {isa = PBXFileReference; lastKnownFileType = text.plist.xml; path = Info.plist; sourceTree = "<group>"; };
		4856FD5219E8921A002913CC /* DropboxHWweek1Tests.swift */ = {isa = PBXFileReference; lastKnownFileType = sourcecode.swift; path = DropboxHWweek1Tests.swift; sourceTree = "<group>"; };
		48571D6E19ECB213007D20FF /* SignInRootViewController.swift */ = {isa = PBXFileReference; fileEncoding = 4; lastKnownFileType = sourcecode.swift; path = SignInRootViewController.swift; sourceTree = "<group>"; };
		48571D7019ECB2B9007D20FF /* CreateAccountRootViewController.swift */ = {isa = PBXFileReference; fileEncoding = 4; lastKnownFileType = sourcecode.swift; path = CreateAccountRootViewController.swift; sourceTree = "<group>"; };
		48571D7219ECB2F0007D20FF /* CreateOneViewController.swift */ = {isa = PBXFileReference; fileEncoding = 4; lastKnownFileType = sourcecode.swift; path = CreateOneViewController.swift; sourceTree = "<group>"; };
		48571D7419ECB311007D20FF /* CreateTwoViewController.swift */ = {isa = PBXFileReference; fileEncoding = 4; lastKnownFileType = sourcecode.swift; path = CreateTwoViewController.swift; sourceTree = "<group>"; };
		48571D7619ECB343007D20FF /* CreateThreeViewController.swift */ = {isa = PBXFileReference; fileEncoding = 4; lastKnownFileType = sourcecode.swift; path = CreateThreeViewController.swift; sourceTree = "<group>"; };
		48571D7819ECB365007D20FF /* CreateFourViewController.swift */ = {isa = PBXFileReference; fileEncoding = 4; lastKnownFileType = sourcecode.swift; path = CreateFourViewController.swift; sourceTree = "<group>"; };
		48571D7A19ECB386007D20FF /* CreateFiveViewController.swift */ = {isa = PBXFileReference; fileEncoding = 4; lastKnownFileType = sourcecode.swift; path = CreateFiveViewController.swift; sourceTree = "<group>"; };
		48571D7C19ECB3A5007D20FF /* CreateSixViewController.swift */ = {isa = PBXFileReference; fileEncoding = 4; lastKnownFileType = sourcecode.swift; path = CreateSixViewController.swift; sourceTree = "<group>"; };
		48571D7E19ECB3BF007D20FF /* TermsViewController.swift */ = {isa = PBXFileReference; fileEncoding = 4; lastKnownFileType = sourcecode.swift; path = TermsViewController.swift; sourceTree = "<group>"; };
		48571D8019ECB3EF007D20FF /* SignInOneViewController.swift */ = {isa = PBXFileReference; fileEncoding = 4; lastKnownFileType = sourcecode.swift; path = SignInOneViewController.swift; sourceTree = "<group>"; };
		48571D8219ECB410007D20FF /* SignInTwoViewController.swift */ = {isa = PBXFileReference; fileEncoding = 4; lastKnownFileType = sourcecode.swift; path = SignInTwoViewController.swift; sourceTree = "<group>"; };
		48571D8419ECB42D007D20FF /* SignInThreeViewController.swift */ = {isa = PBXFileReference; fileEncoding = 4; lastKnownFileType = sourcecode.swift; path = SignInThreeViewController.swift; sourceTree = "<group>"; };
		48571D8619ECCE9F007D20FF /* SettingsViewController.swift */ = {isa = PBXFileReference; fileEncoding = 4; lastKnownFileType = sourcecode.swift; path = SettingsViewController.swift; sourceTree = "<group>"; };
/* End PBXFileReference section */

/* Begin PBXFrameworksBuildPhase section */
		4856FD3419E8921A002913CC /* Frameworks */ = {
			isa = PBXFrameworksBuildPhase;
			buildActionMask = 2147483647;
			files = (
			);
			runOnlyForDeploymentPostprocessing = 0;
		};
		4856FD4919E8921A002913CC /* Frameworks */ = {
			isa = PBXFrameworksBuildPhase;
			buildActionMask = 2147483647;
			files = (
			);
			runOnlyForDeploymentPostprocessing = 0;
		};
/* End PBXFrameworksBuildPhase section */

/* Begin PBXGroup section */
		4856FD2E19E8921A002913CC = {
			isa = PBXGroup;
			children = (
				4856FD3919E8921A002913CC /* DropboxHWweek1 */,
				4856FD4F19E8921A002913CC /* DropboxHWweek1Tests */,
				4856FD3819E8921A002913CC /* Products */,
			);
			sourceTree = "<group>";
		};
		4856FD3819E8921A002913CC /* Products */ = {
			isa = PBXGroup;
			children = (
				4856FD3719E8921A002913CC /* DropboxHWweek1.app */,
				4856FD4C19E8921A002913CC /* DropboxHWweek1Tests.xctest */,
			);
			name = Products;
			sourceTree = "<group>";
		};
		4856FD3919E8921A002913CC /* DropboxHWweek1 */ = {
			isa = PBXGroup;
			children = (
				4856FD3C19E8921A002913CC /* AppDelegate.swift */,
				4856FD3E19E8921A002913CC /* ViewController.swift */,
				4856FD4019E8921A002913CC /* Main.storyboard */,
				48571D8619ECCE9F007D20FF /* SettingsViewController.swift */,
				48571D8419ECB42D007D20FF /* SignInThreeViewController.swift */,
				48571D8219ECB410007D20FF /* SignInTwoViewController.swift */,
				48571D8019ECB3EF007D20FF /* SignInOneViewController.swift */,
				48571D7E19ECB3BF007D20FF /* TermsViewController.swift */,
				48571D7C19ECB3A5007D20FF /* CreateSixViewController.swift */,
				48571D7A19ECB386007D20FF /* CreateFiveViewController.swift */,
				48571D7819ECB365007D20FF /* CreateFourViewController.swift */,
				48571D7619ECB343007D20FF /* CreateThreeViewController.swift */,
				48571D7419ECB311007D20FF /* CreateTwoViewController.swift */,
				48571D7219ECB2F0007D20FF /* CreateOneViewController.swift */,
				48571D7019ECB2B9007D20FF /* CreateAccountRootViewController.swift */,
				48571D6E19ECB213007D20FF /* SignInRootViewController.swift */,
				4856FD4319E8921A002913CC /* Images.xcassets */,
				4856FD4519E8921A002913CC /* LaunchScreen.xib */,
				4856FD3A19E8921A002913CC /* Supporting Files */,
			);
			path = DropboxHWweek1;
			sourceTree = "<group>";
		};
		4856FD3A19E8921A002913CC /* Supporting Files */ = {
			isa = PBXGroup;
			children = (
				4856FD3B19E8921A002913CC /* Info.plist */,
			);
			name = "Supporting Files";
			sourceTree = "<group>";
		};
		4856FD4F19E8921A002913CC /* DropboxHWweek1Tests */ = {
			isa = PBXGroup;
			children = (
				4856FD5219E8921A002913CC /* DropboxHWweek1Tests.swift */,
				4856FD5019E8921A002913CC /* Supporting Files */,
			);
			path = DropboxHWweek1Tests;
			sourceTree = "<group>";
		};
		4856FD5019E8921A002913CC /* Supporting Files */ = {
			isa = PBXGroup;
			children = (
				4856FD5119E8921A002913CC /* Info.plist */,
			);
			name = "Supporting Files";
			sourceTree = "<group>";
		};
/* End PBXGroup section */

/* Begin PBXNativeTarget section */
		4856FD3619E8921A002913CC /* DropboxHWweek1 */ = {
			isa = PBXNativeTarget;
			buildConfigurationList = 4856FD5619E8921A002913CC /* Build configuration list for PBXNativeTarget "DropboxHWweek1" */;
			buildPhases = (
				4856FD3319E8921A002913CC /* Sources */,
				4856FD3419E8921A002913CC /* Frameworks */,
				4856FD3519E8921A002913CC /* Resources */,
			);
			buildRules = (
			);
			dependencies = (
			);
			name = DropboxHWweek1;
			productName = DropboxHWweek1;
			productReference = 4856FD3719E8921A002913CC /* DropboxHWweek1.app */;
			productType = "com.apple.product-type.application";
		};
		4856FD4B19E8921A002913CC /* DropboxHWweek1Tests */ = {
			isa = PBXNativeTarget;
			buildConfigurationList = 4856FD5919E8921A002913CC /* Build configuration list for PBXNativeTarget "DropboxHWweek1Tests" */;
			buildPhases = (
				4856FD4819E8921A002913CC /* Sources */,
				4856FD4919E8921A002913CC /* Frameworks */,
				4856FD4A19E8921A002913CC /* Resources */,
			);
			buildRules = (
			);
			dependencies = (
				4856FD4E19E8921A002913CC /* PBXTargetDependency */,
			);
			name = DropboxHWweek1Tests;
			productName = DropboxHWweek1Tests;
			productReference = 4856FD4C19E8921A002913CC /* DropboxHWweek1Tests.xctest */;
			productType = "com.apple.product-type.bundle.unit-test";
		};
/* End PBXNativeTarget section */

/* Begin PBXProject section */
		4856FD2F19E8921A002913CC /* Project object */ = {
			isa = PBXProject;
			attributes = {
				LastUpgradeCheck = 0600;
				ORGANIZATIONNAME = "Adam Lardieri";
				TargetAttributes = {
					4856FD3619E8921A002913CC = {
						CreatedOnToolsVersion = 6.0.1;
					};
					4856FD4B19E8921A002913CC = {
						CreatedOnToolsVersion = 6.0.1;
						TestTargetID = 4856FD3619E8921A002913CC;
					};
				};
			};
			buildConfigurationList = 4856FD3219E8921A002913CC /* Build configuration list for PBXProject "DropboxHWweek1" */;
			compatibilityVersion = "Xcode 3.2";
			developmentRegion = English;
			hasScannedForEncodings = 0;
			knownRegions = (
				en,
				Base,
			);
			mainGroup = 4856FD2E19E8921A002913CC;
			productRefGroup = 4856FD3819E8921A002913CC /* Products */;
			projectDirPath = "";
			projectRoot = "";
			targets = (
				4856FD3619E8921A002913CC /* DropboxHWweek1 */,
				4856FD4B19E8921A002913CC /* DropboxHWweek1Tests */,
			);
		};
/* End PBXProject section */

/* Begin PBXResourcesBuildPhase section */
		4856FD3519E8921A002913CC /* Resources */ = {
			isa = PBXResourcesBuildPhase;
			buildActionMask = 2147483647;
			files = (
				4856FD4219E8921A002913CC /* Main.storyboard in Resources */,
				4856FD4719E8921A002913CC /* LaunchScreen.xib in Resources */,
				4856FD4419E8921A002913CC /* Images.xcassets in Resources */,
			);
			runOnlyForDeploymentPostprocessing = 0;
		};
		4856FD4A19E8921A002913CC /* Resources */ = {
			isa = PBXResourcesBuildPhase;
			buildActionMask = 2147483647;
			files = (
			);
			runOnlyForDeploymentPostprocessing = 0;
		};
/* End PBXResourcesBuildPhase section */

/* Begin PBXSourcesBuildPhase section */
		4856FD3319E8921A002913CC /* Sources */ = {
			isa = PBXSourcesBuildPhase;
			buildActionMask = 2147483647;
			files = (
				48571D7F19ECB3BF007D20FF /* TermsViewController.swift in Sources */,
				48571D7919ECB365007D20FF /* CreateFourViewController.swift in Sources */,
				48571D7D19ECB3A5007D20FF /* CreateSixViewController.swift in Sources */,
				48571D7319ECB2F0007D20FF /* CreateOneViewController.swift in Sources */,
				48571D8319ECB410007D20FF /* SignInTwoViewController.swift in Sources */,
				48571D7519ECB311007D20FF /* CreateTwoViewController.swift in Sources */,
				48571D7B19ECB386007D20FF /* CreateFiveViewController.swift in Sources */,
				48571D7719ECB343007D20FF /* CreateThreeViewController.swift in Sources */,
				48571D8719ECCE9F007D20FF /* SettingsViewController.swift in Sources */,
				48571D7119ECB2B9007D20FF /* CreateAccountRootViewController.swift in Sources */,
				4856FD3F19E8921A002913CC /* ViewController.swift in Sources */,
				48571D8119ECB3EF007D20FF /* SignInOneViewController.swift in Sources */,
				4856FD3D19E8921A002913CC /* AppDelegate.swift in Sources */,
				48571D6F19ECB213007D20FF /* SignInRootViewController.swift in Sources */,
				48571D8519ECB42D007D20FF /* SignInThreeViewController.swift in Sources */,
			);
			runOnlyForDeploymentPostprocessing = 0;
		};
		4856FD4819E8921A002913CC /* Sources */ = {
			isa = PBXSourcesBuildPhase;
			buildActionMask = 2147483647;
			files = (
				4856FD5319E8921A002913CC /* DropboxHWweek1Tests.swift in Sources */,
			);
			runOnlyForDeploymentPostprocessing = 0;
		};
/* End PBXSourcesBuildPhase section */

/* Begin PBXTargetDependency section */
		4856FD4E19E8921A002913CC /* PBXTargetDependency */ = {
			isa = PBXTargetDependency;
			target = 4856FD3619E8921A002913CC /* DropboxHWweek1 */;
			targetProxy = 4856FD4D19E8921A002913CC /* PBXContainerItemProxy */;
		};
/* End PBXTargetDependency section */

/* Begin PBXVariantGroup section */
		4856FD4019E8921A002913CC /* Main.storyboard */ = {
			isa = PBXVariantGroup;
			children = (
				4856FD4119E8921A002913CC /* Base */,
			);
			name = Main.storyboard;
			sourceTree = "<group>";
		};
		4856FD4519E8921A002913CC /* LaunchScreen.xib */ = {
			isa = PBXVariantGroup;
			children = (
				4856FD4619E8921A002913CC /* Base */,
			);
			name = LaunchScreen.xib;
			sourceTree = "<group>";
		};
/* End PBXVariantGroup section */

/* Begin XCBuildConfiguration section */
		4856FD5419E8921A002913CC /* Debug */ = {
			isa = XCBuildConfiguration;
			buildSettings = {
				ALWAYS_SEARCH_USER_PATHS = NO;
				CLANG_CXX_LANGUAGE_STANDARD = "gnu++0x";
				CLANG_CXX_LIBRARY = "libc++";
				CLANG_ENABLE_MODULES = YES;
				CLANG_ENABLE_OBJC_ARC = YES;
				CLANG_WARN_BOOL_CONVERSION = YES;
				CLANG_WARN_CONSTANT_CONVERSION = YES;
				CLANG_WARN_DIRECT_OBJC_ISA_USAGE = YES_ERROR;
				CLANG_WARN_EMPTY_BODY = YES;
				CLANG_WARN_ENUM_CONVERSION = YES;
				CLANG_WARN_INT_CONVERSION = YES;
				CLANG_WARN_OBJC_ROOT_CLASS = YES_ERROR;
				CLANG_WARN_UNREACHABLE_CODE = YES;
				CLANG_WARN__DUPLICATE_METHOD_MATCH = YES;
				"CODE_SIGN_IDENTITY[sdk=iphoneos*]" = "iPhone Developer";
				COPY_PHASE_STRIP = NO;
				ENABLE_STRICT_OBJC_MSGSEND = YES;
				GCC_C_LANGUAGE_STANDARD = gnu99;
				GCC_DYNAMIC_NO_PIC = NO;
				GCC_OPTIMIZATION_LEVEL = 0;
				GCC_PREPROCESSOR_DEFINITIONS = (
					"DEBUG=1",
					"$(inherited)",
				);
				GCC_SYMBOLS_PRIVATE_EXTERN = NO;
				GCC_WARN_64_TO_32_BIT_CONVERSION = YES;
				GCC_WARN_ABOUT_RETURN_TYPE = YES_ERROR;
				GCC_WARN_UNDECLARED_SELECTOR = YES;
				GCC_WARN_UNINITIALIZED_AUTOS = YES_AGGRESSIVE;
				GCC_WARN_UNUSED_FUNCTION = YES;
				GCC_WARN_UNUSED_VARIABLE = YES;
				IPHONEOS_DEPLOYMENT_TARGET = 8.0;
				MTL_ENABLE_DEBUG_INFO = YES;
				ONLY_ACTIVE_ARCH = YES;
				SDKROOT = iphoneos;
				SWIFT_OPTIMIZATION_LEVEL = "-Onone";
			};
			name = Debug;
		};
		4856FD5519E8921A002913CC /* Release */ = {
			isa = XCBuildConfiguration;
			buildSettings = {
				ALWAYS_SEARCH_USER_PATHS = NO;
				CLANG_CXX_LANGUAGE_STANDARD = "gnu++0x";
				CLANG_CXX_LIBRARY = "libc++";
				CLANG_ENABLE_MODULES = YES;
				CLANG_ENABLE_OBJC_ARC = YES;
				CLANG_WARN_BOOL_CONVERSION = YES;
				CLANG_WARN_CONSTANT_CONVERSION = YES;
				CLANG_WARN_DIRECT_OBJC_ISA_USAGE = YES_ERROR;
				CLANG_WARN_EMPTY_BODY = YES;
				CLANG_WARN_ENUM_CONVERSION = YES;
				CLANG_WARN_INT_CONVERSION = YES;
				CLANG_WARN_OBJC_ROOT_CLASS = YES_ERROR;
				CLANG_WARN_UNREACHABLE_CODE = YES;
				CLANG_WARN__DUPLICATE_METHOD_MATCH = YES;
				"CODE_SIGN_IDENTITY[sdk=iphoneos*]" = "iPhone Developer";
				COPY_PHASE_STRIP = YES;
				ENABLE_NS_ASSERTIONS = NO;
				ENABLE_STRICT_OBJC_MSGSEND = YES;
				GCC_C_LANGUAGE_STANDARD = gnu99;
				GCC_WARN_64_TO_32_BIT_CONVERSION = YES;
				GCC_WARN_ABOUT_RETURN_TYPE = YES_ERROR;
				GCC_WARN_UNDECLARED_SELECTOR = YES;
				GCC_WARN_UNINITIALIZED_AUTOS = YES_AGGRESSIVE;
				GCC_WARN_UNUSED_FUNCTION = YES;
				GCC_WARN_UNUSED_VARIABLE = YES;
				IPHONEOS_DEPLOYMENT_TARGET = 8.0;
				MTL_ENABLE_DEBUG_INFO = NO;
				SDKROOT = iphoneos;
				VALIDATE_PRODUCT = YES;
			};
			name = Release;
		};
		4856FD5719E8921A002913CC /* Debug */ = {
			isa = XCBuildConfiguration;
			buildSettings = {
				ASSETCATALOG_COMPILER_APPICON_NAME = AppIcon;
				ASSETCATALOG_COMPILER_LAUNCHIMAGE_NAME = LaunchImage;
				INFOPLIST_FILE = DropboxHWweek1/Info.plist;
				LD_RUNPATH_SEARCH_PATHS = "$(inherited) @executable_path/Frameworks";
				PRODUCT_NAME = "$(TARGET_NAME)";
			};
			name = Debug;
		};
		4856FD5819E8921A002913CC /* Release */ = {
			isa = XCBuildConfiguration;
			buildSettings = {
				ASSETCATALOG_COMPILER_APPICON_NAME = AppIcon;
				ASSETCATALOG_COMPILER_LAUNCHIMAGE_NAME = LaunchImage;
				INFOPLIST_FILE = DropboxHWweek1/Info.plist;
				LD_RUNPATH_SEARCH_PATHS = "$(inherited) @executable_path/Frameworks";
				PRODUCT_NAME = "$(TARGET_NAME)";
			};
			name = Release;
		};
		4856FD5A19E8921A002913CC /* Debug */ = {
			isa = XCBuildConfiguration;
			buildSettings = {
				BUNDLE_LOADER = "$(TEST_HOST)";
				FRAMEWORK_SEARCH_PATHS = (
					"$(SDKROOT)/Developer/Library/Frameworks",
					"$(inherited)",
				);
				GCC_PREPROCESSOR_DEFINITIONS = (
					"DEBUG=1",
					"$(inherited)",
				);
				INFOPLIST_FILE = DropboxHWweek1Tests/Info.plist;
				LD_RUNPATH_SEARCH_PATHS = "$(inherited) @executable_path/Frameworks @loader_path/Frameworks";
				PRODUCT_NAME = "$(TARGET_NAME)";
				TEST_HOST = "$(BUILT_PRODUCTS_DIR)/DropboxHWweek1.app/DropboxHWweek1";
			};
			name = Debug;
		};
		4856FD5B19E8921A002913CC /* Release */ = {
			isa = XCBuildConfiguration;
			buildSettings = {
				BUNDLE_LOADER = "$(TEST_HOST)";
				FRAMEWORK_SEARCH_PATHS = (
					"$(SDKROOT)/Developer/Library/Frameworks",
					"$(inherited)",
				);
				INFOPLIST_FILE = DropboxHWweek1Tests/Info.plist;
				LD_RUNPATH_SEARCH_PATHS = "$(inherited) @executable_path/Frameworks @loader_path/Frameworks";
				PRODUCT_NAME = "$(TARGET_NAME)";
				TEST_HOST = "$(BUILT_PRODUCTS_DIR)/DropboxHWweek1.app/DropboxHWweek1";
			};
			name = Release;
		};
/* End XCBuildConfiguration section */

/* Begin XCConfigurationList section */
		4856FD3219E8921A002913CC /* Build configuration list for PBXProject "DropboxHWweek1" */ = {
			isa = XCConfigurationList;
			buildConfigurations = (
				4856FD5419E8921A002913CC /* Debug */,
				4856FD5519E8921A002913CC /* Release */,
			);
			defaultConfigurationIsVisible = 0;
			defaultConfigurationName = Release;
		};
		4856FD5619E8921A002913CC /* Build configuration list for PBXNativeTarget "DropboxHWweek1" */ = {
			isa = XCConfigurationList;
			buildConfigurations = (
				4856FD5719E8921A002913CC /* Debug */,
				4856FD5819E8921A002913CC /* Release */,
			);
			defaultConfigurationIsVisible = 0;
			defaultConfigurationName = Release;
		};
		4856FD5919E8921A002913CC /* Build configuration list for PBXNativeTarget "DropboxHWweek1Tests" */ = {
			isa = XCConfigurationList;
			buildConfigurations = (
				4856FD5A19E8921A002913CC /* Debug */,
				4856FD5B19E8921A002913CC /* Release */,
			);
			defaultConfigurationIsVisible = 0;
			defaultConfigurationName = Release;
		};
/* End XCConfigurationList section */
	};
	rootObject = 4856FD2F19E8921A002913CC /* Project object */;
}
